
Microsoft Visual Studio Solution File, Format Version 12.00
# Visual Studio Version 17
VisualStudioVersion = 17.10.35122.118
MinimumVisualStudioVersion = 10.0.40219.1
Project("{FAE04EC0-301F-11D3-BF4B-00C04F79EFBC}") = "CoreCRUD", "CoreCRUD\CoreCRUD.csproj", "{24DF4459-250B-4455-8308-5E6DBDA95D3D}"
EndProject
Global
	GlobalSection(SolutionConfigurationPlatforms) = preSolution
		Debug|Any CPU = Debug|Any CPU
		Release|Any CPU = Release|Any CPU
	EndGlobalSection
	GlobalSection(ProjectConfigurationPlatforms) = postSolution
		{24DF4459-250B-4455-8308-5E6DBDA95D3D}.Debug|Any CPU.ActiveCfg = Debug|Any CPU
		{24DF4459-250B-4455-8308-5E6DBDA95D3D}.Debug|Any CPU.Build.0 = Debug|Any CPU
		{24DF4459-250B-4455-8308-5E6DBDA95D3D}.Release|Any CPU.ActiveCfg = Release|Any CPU
		{24DF4459-250B-4455-8308-5E6DBDA95D3D}.Release|Any CPU.Build.0 = Release|Any CPU
	EndGlobalSection
	GlobalSection(SolutionProperties) = preSolution
		HideSolutionNode = FALSE
	EndGlobalSection
	GlobalSection(ExtensibilityGlobals) = postSolution
		SolutionGuid = {BD3E10FB-2E87-41BF-8CF4-68C65DA75C6F}
	EndGlobalSection
EndGlobal
